// !$*UTF8*$!
{
    archiveVersion = 1;
    classes = {};
    objectVersion = 56;
    objects = {
        D00000000000000000000008 = { isa = PBXFileReference; lastKnownFileType = sourcecode.swift; path = UI/Icons.swift; sourceTree = "<group>"; };
        E00000000000000000000008 = { isa = PBXBuildFile; fileRef = D00000000000000000000008; };
        D00000000000000000000000 = { isa = PBXFileReference; lastKnownFileType = sourcecode.swift; path = Security/IdentityProvider.swift; sourceTree = "<group>"; };
        E00000000000000000000000 = { isa = PBXBuildFile; fileRef = D00000000000000000000000; };
        D00000000000000000000001 = { isa = PBXFileReference; lastKnownFileType = sourcecode.swift; path = Security/EncryptedStorage.swift; sourceTree = "<group>"; };
        E00000000000000000000001 = { isa = PBXBuildFile; fileRef = D00000000000000000000001; };
        D00000000000000000000002 = { isa = PBXFileReference; lastKnownFileType = sourcecode.swift; path = Security/StaffKeyVault.swift; sourceTree = "<group>"; };
        E00000000000000000000002 = { isa = PBXBuildFile; fileRef = D00000000000000000000002; };
        D00000000000000000000003 = { isa = PBXFileReference; lastKnownFileType = sourcecode.swift; path = BLE/Transport/IOSGattDriver.swift; sourceTree = "<group>"; };
        E00000000000000000000003 = { isa = PBXBuildFile; fileRef = D00000000000000000000003; };
        D00000000000000000000004 = { isa = PBXFileReference; lastKnownFileType = sourcecode.swift; path = BLE/Transport/IOSGattRadio.swift; sourceTree = "<group>"; };
        E00000000000000000000004 = { isa = PBXBuildFile; fileRef = D00000000000000000000004; };
        D00000000000000000000005 = { isa = PBXFileReference; lastKnownFileType = sourcecode.swift; path = UI/MeshModel.swift; sourceTree = "<group>"; };
        E00000000000000000000005 = { isa = PBXBuildFile; fileRef = D00000000000000000000005; };
        D00000000000000000000006 = { isa = PBXFileReference; lastKnownFileType = sourcecode.swift; path = UI/MeshView.swift; sourceTree = "<group>"; };
        E00000000000000000000006 = { isa = PBXBuildFile; fileRef = D00000000000000000000006; };
        D00000000000000000000007 = { isa = PBXFileReference; lastKnownFileType = sourcecode.swift; path = UI/Sharing.swift; sourceTree = "<group>"; };
        E00000000000000000000007 = { isa = PBXBuildFile; fileRef = D00000000000000000000007; };
        F00000000000000000000001 = { isa = XCRemoteSwiftPackageReference; repositoryURL = "https://github.com/sqlcipher/SQLCipher.swift.git"; requirement = { kind = revision; revision = 205df55271aa1ba512a9bfe3fd1813bc9ac52a19; }; };
        F00000000000000000000002 = { isa = XCSwiftPackageProductDependency; package = F00000000000000000000001; productName = SQLCipher; };
        F00000000000000000000003 = { isa = PBXBuildFile; productRef = F00000000000000000000002; };
        B00000000000000000000004 = { isa = PBXFileReference; lastKnownFileType = sourcecode.swift; path = UI/ContributionPanel.swift; sourceTree = "<group>"; };
        C00000000000000000000004 = { isa = PBXBuildFile; fileRef = B00000000000000000000004; };
        B00000000000000000000000 = { isa = PBXFileReference; lastKnownFileType = sourcecode.swift; path = Billing/EntitlementPolicy.swift; sourceTree = "<group>"; };
        C00000000000000000000000 = { isa = PBXBuildFile; fileRef = B00000000000000000000000; };
        B00000000000000000000001 = { isa = PBXFileReference; lastKnownFileType = sourcecode.swift; path = Billing/StoreEntitlements.swift; sourceTree = "<group>"; };
        C00000000000000000000001 = { isa = PBXBuildFile; fileRef = B00000000000000000000001; };
        B00000000000000000000002 = { isa = PBXFileReference; lastKnownFileType = sourcecode.swift; path = UI/ThemeTokens.swift; sourceTree = "<group>"; };
        C00000000000000000000002 = { isa = PBXBuildFile; fileRef = B00000000000000000000002; };
        B00000000000000000000003 = { isa = PBXFileReference; lastKnownFileType = sourcecode.swift; path = UI/SupporterSettings.swift; sourceTree = "<group>"; };
        C00000000000000000000003 = { isa = PBXBuildFile; fileRef = B00000000000000000000003; };
        A00000000000000000000001 = {
            isa = PBXProject;
            attributes = { LastUpgradeCheck = 1640; };
            buildConfigurationList = A00000000000000000000010;
            compatibilityVersion = "Xcode 14.0";
            developmentRegion = en;
            hasScannedForEncodings = 0;
            knownRegions = (en, Base);
            mainGroup = A00000000000000000000002;
            productRefGroup = A00000000000000000000003;
            projectDirPath = "";
            projectRoot = "";
            targets = (A00000000000000000000004);
            packageReferences = (F00000000000000000000001);
        };
        A00000000000000000000002 = {
            isa = PBXGroup;
            children = (D00000000000000000000008, D00000000000000000000000, D00000000000000000000001, D00000000000000000000002, D00000000000000000000003, D00000000000000000000004, D00000000000000000000005, D00000000000000000000006, D00000000000000000000007, B00000000000000000000004, B00000000000000000000000, B00000000000000000000001, B00000000000000000000002, B00000000000000000000003, A00000000000000000000005, A00000000000000000000016, A00000000000000000000003);
            sourceTree = "<group>";
        };
        A00000000000000000000003 = {
            isa = PBXGroup;
            children = (A00000000000000000000006);
            name = Products;
            sourceTree = "<group>";
        };
        A00000000000000000000004 = {
            isa = PBXNativeTarget;
            buildConfigurationList = A00000000000000000000011;
            buildPhases = (A00000000000000000000007, A00000000000000000000008, A00000000000000000000009);
            buildRules = ();
            dependencies = ();
            packageProductDependencies = (F00000000000000000000002);
            name = MeshChat;
            productName = MeshChat;
            productReference = A00000000000000000000006;
            productType = "com.apple.product-type.application";
        };
        A00000000000000000000005 = {
            isa = PBXFileReference;
            lastKnownFileType = sourcecode.swift;
            path = MeshChat/MeshChatApp.swift;
            sourceTree = "<group>";
        };
        A00000000000000000000006 = {
            isa = PBXFileReference;
            explicitFileType = wrapper.application;
            includeInIndex = 0;
            path = MeshChat.app;
            sourceTree = BUILT_PRODUCTS_DIR;
        };
        A00000000000000000000007 = {
            isa = PBXSourcesBuildPhase;
            buildActionMask = 2147483647;
            files = (E00000000000000000000008, E00000000000000000000000, E00000000000000000000001, E00000000000000000000002, E00000000000000000000003, E00000000000000000000004, E00000000000000000000005, E00000000000000000000006, E00000000000000000000007, C00000000000000000000004, C00000000000000000000000, C00000000000000000000001, C00000000000000000000002, C00000000000000000000003, A0000000000000000000000A, A00000000000000000000017);
            runOnlyForDeploymentPostprocessing = 0;
        };
        A00000000000000000000008 = {
            isa = PBXFrameworksBuildPhase;
            buildActionMask = 2147483647;
            files = (F00000000000000000000003);
            runOnlyForDeploymentPostprocessing = 0;
        };
        A00000000000000000000009 = {
            isa = PBXResourcesBuildPhase;
            buildActionMask = 2147483647;
            files = ();
            runOnlyForDeploymentPostprocessing = 0;
        };
        A0000000000000000000000A = { isa = PBXBuildFile; fileRef = A00000000000000000000005; };
        A00000000000000000000016 = {
            isa = PBXFileReference;
            lastKnownFileType = sourcecode.swift;
            path = ../../.work/ffi/swift/meshchat_core.swift;
            sourceTree = "<group>";
        };
        A00000000000000000000017 = { isa = PBXBuildFile; fileRef = A00000000000000000000016; };
        A00000000000000000000010 = {
            isa = XCConfigurationList;
            buildConfigurations = (A00000000000000000000012, A00000000000000000000013);
            defaultConfigurationIsVisible = 0;
            defaultConfigurationName = Release;
        };
        A00000000000000000000011 = {
            isa = XCConfigurationList;
            buildConfigurations = (A00000000000000000000014, A00000000000000000000015);
            defaultConfigurationIsVisible = 0;
            defaultConfigurationName = Release;
        };
        A00000000000000000000012 = {
            isa = XCBuildConfiguration;
            buildSettings = { SDKROOT = iphoneos; IPHONEOS_DEPLOYMENT_TARGET = 15.0; SWIFT_VERSION = 6.0; SWIFT_TREAT_WARNINGS_AS_ERRORS = YES; SWIFT_OPTIMIZATION_LEVEL = "-Onone"; };
            name = Debug;
        };
        A00000000000000000000013 = {
            isa = XCBuildConfiguration;
            buildSettings = { SDKROOT = iphoneos; IPHONEOS_DEPLOYMENT_TARGET = 15.0; SWIFT_VERSION = 6.0; SWIFT_TREAT_WARNINGS_AS_ERRORS = YES; SWIFT_COMPILATION_MODE = wholemodule; };
            name = Release;
        };
        A00000000000000000000014 = {
            isa = XCBuildConfiguration;
            buildSettings = {
                SWIFT_INCLUDE_PATHS = "$(SRCROOT)/../../.work/ffi/swift";
                OTHER_SWIFT_FLAGS = "$(inherited) -Xcc -DSQLITE_HAS_CODEC -Xcc -fmodule-map-file=$(SRCROOT)/../../.work/ffi/swift/meshchat_coreFFI.modulemap";
                LIBRARY_SEARCH_PATHS = "$(SRCROOT)/../../.work/ffi/$(PLATFORM_NAME)";
                OTHER_LDFLAGS = "$(inherited) -lmeshchat_core -framework Security";
                GENERATE_INFOPLIST_FILE = NO;
                INFOPLIST_FILE = MeshChat/Info.plist;
                INFOPLIST_KEY_UILaunchScreen_Generation = YES;
                INFOPLIST_KEY_UIApplicationSceneManifest_Generation = YES;
                PRODUCT_BUNDLE_IDENTIFIER = org.meshchat.app;
                PRODUCT_NAME = "$(TARGET_NAME)";
                MARKETING_VERSION = 0.1.0;
                CURRENT_PROJECT_VERSION = 1;
                TARGETED_DEVICE_FAMILY = "1,2";
            };
            name = Debug;
        };
        A00000000000000000000015 = {
            isa = XCBuildConfiguration;
            buildSettings = {
                SWIFT_INCLUDE_PATHS = "$(SRCROOT)/../../.work/ffi/swift";
                OTHER_SWIFT_FLAGS = "$(inherited) -Xcc -DSQLITE_HAS_CODEC -Xcc -fmodule-map-file=$(SRCROOT)/../../.work/ffi/swift/meshchat_coreFFI.modulemap";
                LIBRARY_SEARCH_PATHS = "$(SRCROOT)/../../.work/ffi/$(PLATFORM_NAME)";
                OTHER_LDFLAGS = "$(inherited) -lmeshchat_core -framework Security";
                GENERATE_INFOPLIST_FILE = NO;
                INFOPLIST_FILE = MeshChat/Info.plist;
                INFOPLIST_KEY_UILaunchScreen_Generation = YES;
                INFOPLIST_KEY_UIApplicationSceneManifest_Generation = YES;
                PRODUCT_BUNDLE_IDENTIFIER = org.meshchat.app;
                PRODUCT_NAME = "$(TARGET_NAME)";
                MARKETING_VERSION = 0.1.0;
                CURRENT_PROJECT_VERSION = 1;
                TARGETED_DEVICE_FAMILY = "1,2";
            };
            name = Release;
        };
    };
    rootObject = A00000000000000000000001;
}
